PODS:
  - ReachabilitySwift (3)
  - Telefon (0.1.2):
    - ReachabilitySwift (= 3)

DEPENDENCIES:
  - Telefon (from `../`)

EXTERNAL SOURCES:
  Telefon:
    :path: "../"

SPEC CHECKSUMS:
  ReachabilitySwift: f5b9bb30a0777fac8f09ce8b067e32faeb29bb64
  Telefon: 4a290fb6a810d807c32dfa6ab3ef1fc497b14294

PODFILE CHECKSUM: 89bb87c243be9872da53da54fc520fabfa03513d

COCOAPODS: 1.2.1
